
Microsoft Visual Studio Solution File, Format Version 12.00
Project("{FAE04EC0-301F-11D3-BF4B-00C04F79EFBC}") = "PasswordManager.Droid", "PasswordManager\PasswordManager.Droid\PasswordManager.Droid.csproj", "{D8725EC8-43EA-46D4-B8DB-A6429149E14F}"
EndProject
Project("{FAE04EC0-301F-11D3-BF4B-00C04F79EFBC}") = "PasswordManager.iOS", "PasswordManager\PasswordManager.iOS\PasswordManager.iOS.csproj", "{C58FE63C-D243-47DD-ADE8-BF1C0E23B56C}"
EndProject
Project("{FAE04EC0-301F-11D3-BF4B-00C04F79EFBC}") = "PasswordManager.Mac", "PasswordManager\PasswordManager.Mac\PasswordManager.Mac.csproj", "{4B7E1D66-2C01-4C9C-B14B-A6182AA2750B}"
EndProject
Project("{FAE04EC0-301F-11D3-BF4B-00C04F79EFBC}") = "PasswordManager.WinUI", "PasswordManager\PasswordManager.WinUI\PasswordManager.WinUI.csproj", "{947B0533-EC9D-4CD2-A4C5-6B1BC54FF464}"
EndProject
Project("{FAE04EC0-301F-11D3-BF4B-00C04F79EFBC}") = "PasswordManager", "PasswordManager\PasswordManager\PasswordManager.csproj", "{598441E3-FE99-4F27-8237-3E23896DF505}"
EndProject
Global
	GlobalSection(SolutionConfigurationPlatforms) = preSolution
		Debug|Any CPU = Debug|Any CPU
		Debug|ARM64 = Debug|ARM64
		Debug|x64 = Debug|x64
		Debug|x86 = Debug|x86
		Release|Any CPU = Release|Any CPU
		Release|ARM64 = Release|ARM64
		Release|x64 = Release|x64
		Release|x86 = Release|x86
	EndGlobalSection
	GlobalSection(ProjectConfigurationPlatforms) = postSolution
		{D8725EC8-43EA-46D4-B8DB-A6429149E14F}.Debug|Any CPU.ActiveCfg = Debug|Any CPU
		{D8725EC8-43EA-46D4-B8DB-A6429149E14F}.Debug|Any CPU.Build.0 = Debug|Any CPU
		{D8725EC8-43EA-46D4-B8DB-A6429149E14F}.Debug|Any CPU.Deploy.0 = Debug|Any CPU
		{D8725EC8-43EA-46D4-B8DB-A6429149E14F}.Debug|ARM64.ActiveCfg = Debug|Any CPU
		{D8725EC8-43EA-46D4-B8DB-A6429149E14F}.Debug|ARM64.Build.0 = Debug|Any CPU
		{D8725EC8-43EA-46D4-B8DB-A6429149E14F}.Debug|ARM64.Deploy.0 = Debug|Any CPU
		{D8725EC8-43EA-46D4-B8DB-A6429149E14F}.Debug|x64.ActiveCfg = Debug|Any CPU
		{D8725EC8-43EA-46D4-B8DB-A6429149E14F}.Debug|x64.Build.0 = Debug|Any CPU
		{D8725EC8-43EA-46D4-B8DB-A6429149E14F}.Debug|x64.Deploy.0 = Debug|Any CPU
		{D8725EC8-43EA-46D4-B8DB-A6429149E14F}.Debug|x86.ActiveCfg = Debug|Any CPU
		{D8725EC8-43EA-46D4-B8DB-A6429149E14F}.Debug|x86.Build.0 = Debug|Any CPU
		{D8725EC8-43EA-46D4-B8DB-A6429149E14F}.Debug|x86.Deploy.0 = Debug|Any CPU
		{D8725EC8-43EA-46D4-B8DB-A6429149E14F}.Release|Any CPU.ActiveCfg = Release|Any CPU
		{D8725EC8-43EA-46D4-B8DB-A6429149E14F}.Release|Any CPU.Build.0 = Release|Any CPU
		{D8725EC8-43EA-46D4-B8DB-A6429149E14F}.Release|Any CPU.Deploy.0 = Release|Any CPU
		{D8725EC8-43EA-46D4-B8DB-A6429149E14F}.Release|ARM64.ActiveCfg = Release|Any CPU
		{D8725EC8-43EA-46D4-B8DB-A6429149E14F}.Release|ARM64.Build.0 = Release|Any CPU
		{D8725EC8-43EA-46D4-B8DB-A6429149E14F}.Release|ARM64.Deploy.0 = Release|Any CPU
		{D8725EC8-43EA-46D4-B8DB-A6429149E14F}.Release|x64.ActiveCfg = Release|Any CPU
		{D8725EC8-43EA-46D4-B8DB-A6429149E14F}.Release|x64.Build.0 = Release|Any CPU
		{D8725EC8-43EA-46D4-B8DB-A6429149E14F}.Release|x64.Deploy.0 = Release|Any CPU
		{D8725EC8-43EA-46D4-B8DB-A6429149E14F}.Release|x86.ActiveCfg = Release|Any CPU
		{D8725EC8-43EA-46D4-B8DB-A6429149E14F}.Release|x86.Build.0 = Release|Any CPU
		{D8725EC8-43EA-46D4-B8DB-A6429149E14F}.Release|x86.Deploy.0 = Release|Any CPU
		{C58FE63C-D243-47DD-ADE8-BF1C0E23B56C}.Debug|Any CPU.ActiveCfg = Debug|Any CPU
		{C58FE63C-D243-47DD-ADE8-BF1C0E23B56C}.Debug|Any CPU.Build.0 = Debug|Any CPU
		{C58FE63C-D243-47DD-ADE8-BF1C0E23B56C}.Debug|Any CPU.Deploy.0 = Debug|Any CPU
		{C58FE63C-D243-47DD-ADE8-BF1C0E23B56C}.Debug|ARM64.ActiveCfg = Debug|Any CPU
		{C58FE63C-D243-47DD-ADE8-BF1C0E23B56C}.Debug|ARM64.Build.0 = Debug|Any CPU
		{C58FE63C-D243-47DD-ADE8-BF1C0E23B56C}.Debug|ARM64.Deploy.0 = Debug|Any CPU
		{C58FE63C-D243-47DD-ADE8-BF1C0E23B56C}.Debug|x64.ActiveCfg = Debug|Any CPU
		{C58FE63C-D243-47DD-ADE8-BF1C0E23B56C}.Debug|x64.Build.0 = Debug|Any CPU
		{C58FE63C-D243-47DD-ADE8-BF1C0E23B56C}.Debug|x64.Deploy.0 = Debug|Any CPU
		{C58FE63C-D243-47DD-ADE8-BF1C0E23B56C}.Debug|x86.ActiveCfg = Debug|Any CPU
		{C58FE63C-D243-47DD-ADE8-BF1C0E23B56C}.Debug|x86.Build.0 = Debug|Any CPU
		{C58FE63C-D243-47DD-ADE8-BF1C0E23B56C}.Debug|x86.Deploy.0 = Debug|Any CPU
		{C58FE63C-D243-47DD-ADE8-BF1C0E23B56C}.Release|Any CPU.ActiveCfg = Release|Any CPU
		{C58FE63C-D243-47DD-ADE8-BF1C0E23B56C}.Release|Any CPU.Build.0 = Release|Any CPU
		{C58FE63C-D243-47DD-ADE8-BF1C0E23B56C}.Release|Any CPU.Deploy.0 = Release|Any CPU
		{C58FE63C-D243-47DD-ADE8-BF1C0E23B56C}.Release|ARM64.ActiveCfg = Release|Any CPU
		{C58FE63C-D243-47DD-ADE8-BF1C0E23B56C}.Release|ARM64.Build.0 = Release|Any CPU
		{C58FE63C-D243-47DD-ADE8-BF1C0E23B56C}.Release|ARM64.Deploy.0 = Release|Any CPU
		{C58FE63C-D243-47DD-ADE8-BF1C0E23B56C}.Release|x64.ActiveCfg = Release|Any CPU
		{C58FE63C-D243-47DD-ADE8-BF1C0E23B56C}.Release|x64.Build.0 = Release|Any CPU
		{C58FE63C-D243-47DD-ADE8-BF1C0E23B56C}.Release|x64.Deploy.0 = Release|Any CPU
		{C58FE63C-D243-47DD-ADE8-BF1C0E23B56C}.Release|x86.ActiveCfg = Release|Any CPU
		{C58FE63C-D243-47DD-ADE8-BF1C0E23B56C}.Release|x86.Build.0 = Release|Any CPU
		{C58FE63C-D243-47DD-ADE8-BF1C0E23B56C}.Release|x86.Deploy.0 = Release|Any CPU
		{4B7E1D66-2C01-4C9C-B14B-A6182AA2750B}.Debug|Any CPU.ActiveCfg = Debug|Any CPU
		{4B7E1D66-2C01-4C9C-B14B-A6182AA2750B}.Debug|Any CPU.Build.0 = Debug|Any CPU
		{4B7E1D66-2C01-4C9C-B14B-A6182AA2750B}.Debug|Any CPU.Deploy.0 = Debug|Any CPU
		{4B7E1D66-2C01-4C9C-B14B-A6182AA2750B}.Debug|ARM64.ActiveCfg = Debug|Any CPU
		{4B7E1D66-2C01-4C9C-B14B-A6182AA2750B}.Debug|ARM64.Build.0 = Debug|Any CPU
		{4B7E1D66-2C01-4C9C-B14B-A6182AA2750B}.Debug|ARM64.Deploy.0 = Debug|Any CPU
		{4B7E1D66-2C01-4C9C-B14B-A6182AA2750B}.Debug|x64.ActiveCfg = Debug|Any CPU
		{4B7E1D66-2C01-4C9C-B14B-A6182AA2750B}.Debug|x64.Build.0 = Debug|Any CPU
		{4B7E1D66-2C01-4C9C-B14B-A6182AA2750B}.Debug|x64.Deploy.0 = Debug|Any CPU
		{4B7E1D66-2C01-4C9C-B14B-A6182AA2750B}.Debug|x86.ActiveCfg = Debug|Any CPU
		{4B7E1D66-2C01-4C9C-B14B-A6182AA2750B}.Debug|x86.Build.0 = Debug|Any CPU
		{4B7E1D66-2C01-4C9C-B14B-A6182AA2750B}.Debug|x86.Deploy.0 = Debug|Any CPU
		{4B7E1D66-2C01-4C9C-B14B-A6182AA2750B}.Release|Any CPU.ActiveCfg = Release|Any CPU
		{4B7E1D66-2C01-4C9C-B14B-A6182AA2750B}.Release|Any CPU.Build.0 = Release|Any CPU
		{4B7E1D66-2C01-4C9C-B14B-A6182AA2750B}.Release|Any CPU.Deploy.0 = Release|Any CPU
		{4B7E1D66-2C01-4C9C-B14B-A6182AA2750B}.Release|ARM64.ActiveCfg = Release|Any CPU
		{4B7E1D66-2C01-4C9C-B14B-A6182AA2750B}.Release|ARM64.Build.0 = Release|Any CPU
		{4B7E1D66-2C01-4C9C-B14B-A6182AA2750B}.Release|ARM64.Deploy.0 = Release|Any CPU
		{4B7E1D66-2C01-4C9C-B14B-A6182AA2750B}.Release|x64.ActiveCfg = Release|Any CPU
		{4B7E1D66-2C01-4C9C-B14B-A6182AA2750B}.Release|x64.Build.0 = Release|Any CPU
		{4B7E1D66-2C01-4C9C-B14B-A6182AA2750B}.Release|x64.Deploy.0 = Release|Any CPU
		{4B7E1D66-2C01-4C9C-B14B-A6182AA2750B}.Release|x86.ActiveCfg = Release|Any CPU
		{4B7E1D66-2C01-4C9C-B14B-A6182AA2750B}.Release|x86.Build.0 = Release|Any CPU
		{4B7E1D66-2C01-4C9C-B14B-A6182AA2750B}.Release|x86.Deploy.0 = Release|Any CPU
		{947B0533-EC9D-4CD2-A4C5-6B1BC54FF464}.Debug|Any CPU.ActiveCfg = Debug|x86
		{947B0533-EC9D-4CD2-A4C5-6B1BC54FF464}.Debug|Any CPU.Build.0 = Debug|x86
		{947B0533-EC9D-4CD2-A4C5-6B1BC54FF464}.Debug|Any CPU.Deploy.0 = Debug|x86
		{947B0533-EC9D-4CD2-A4C5-6B1BC54FF464}.Debug|ARM64.ActiveCfg = Debug|ARM64
		{947B0533-EC9D-4CD2-A4C5-6B1BC54FF464}.Debug|ARM64.Build.0 = Debug|ARM64
		{947B0533-EC9D-4CD2-A4C5-6B1BC54FF464}.Debug|ARM64.Deploy.0 = Debug|ARM64
		{947B0533-EC9D-4CD2-A4C5-6B1BC54FF464}.Debug|x64.ActiveCfg = Debug|x64
		{947B0533-EC9D-4CD2-A4C5-6B1BC54FF464}.Debug|x64.Build.0 = Debug|x64
		{947B0533-EC9D-4CD2-A4C5-6B1BC54FF464}.Debug|x64.Deploy.0 = Debug|x64
		{947B0533-EC9D-4CD2-A4C5-6B1BC54FF464}.Debug|x86.ActiveCfg = Debug|x86
		{947B0533-EC9D-4CD2-A4C5-6B1BC54FF464}.Debug|x86.Build.0 = Debug|x86
		{947B0533-EC9D-4CD2-A4C5-6B1BC54FF464}.Debug|x86.Deploy.0 = Debug|x86
		{947B0533-EC9D-4CD2-A4C5-6B1BC54FF464}.Release|Any CPU.ActiveCfg = Release|x86
		{947B0533-EC9D-4CD2-A4C5-6B1BC54FF464}.Release|Any CPU.Build.0 = Release|x86
		{947B0533-EC9D-4CD2-A4C5-6B1BC54FF464}.Release|Any CPU.Deploy.0 = Release|x86
		{947B0533-EC9D-4CD2-A4C5-6B1BC54FF464}.Release|ARM64.ActiveCfg = Release|ARM64
		{947B0533-EC9D-4CD2-A4C5-6B1BC54FF464}.Release|ARM64.Build.0 = Release|ARM64
		{947B0533-EC9D-4CD2-A4C5-6B1BC54FF464}.Release|ARM64.Deploy.0 = Release|ARM64
		{947B0533-EC9D-4CD2-A4C5-6B1BC54FF464}.Release|x64.ActiveCfg = Release|x64
		{947B0533-EC9D-4CD2-A4C5-6B1BC54FF464}.Release|x64.Build.0 = Release|x64
		{947B0533-EC9D-4CD2-A4C5-6B1BC54FF464}.Release|x64.Deploy.0 = Release|x64
		{947B0533-EC9D-4CD2-A4C5-6B1BC54FF464}.Release|x86.ActiveCfg = Release|x86
		{947B0533-EC9D-4CD2-A4C5-6B1BC54FF464}.Release|x86.Build.0 = Release|x86
		{947B0533-EC9D-4CD2-A4C5-6B1BC54FF464}.Release|x86.Deploy.0 = Release|x86
		{598441E3-FE99-4F27-8237-3E23896DF505}.Debug|Any CPU.ActiveCfg = Debug|Any CPU
		{598441E3-FE99-4F27-8237-3E23896DF505}.Debug|Any CPU.Build.0 = Debug|Any CPU
		{598441E3-FE99-4F27-8237-3E23896DF505}.Debug|ARM64.ActiveCfg = Debug|Any CPU
		{598441E3-FE99-4F27-8237-3E23896DF505}.Debug|ARM64.Build.0 = Debug|Any CPU
		{598441E3-FE99-4F27-8237-3E23896DF505}.Debug|x64.ActiveCfg = Debug|Any CPU
		{598441E3-FE99-4F27-8237-3E23896DF505}.Debug|x64.Build.0 = Debug|Any CPU
		{598441E3-FE99-4F27-8237-3E23896DF505}.Debug|x86.ActiveCfg = Debug|Any CPU
		{598441E3-FE99-4F27-8237-3E23896DF505}.Debug|x86.Build.0 = Debug|Any CPU
		{598441E3-FE99-4F27-8237-3E23896DF505}.Release|Any CPU.ActiveCfg = Release|Any CPU
		{598441E3-FE99-4F27-8237-3E23896DF505}.Release|Any CPU.Build.0 = Release|Any CPU
		{598441E3-FE99-4F27-8237-3E23896DF505}.Release|ARM64.ActiveCfg = Release|Any CPU
		{598441E3-FE99-4F27-8237-3E23896DF505}.Release|ARM64.Build.0 = Release|Any CPU
		{598441E3-FE99-4F27-8237-3E23896DF505}.Release|x64.ActiveCfg = Release|Any CPU
		{598441E3-FE99-4F27-8237-3E23896DF505}.Release|x64.Build.0 = Release|Any CPU
		{598441E3-FE99-4F27-8237-3E23896DF505}.Release|x86.ActiveCfg = Release|Any CPU
		{598441E3-FE99-4F27-8237-3E23896DF505}.Release|x86.Build.0 = Release|Any CPU
	EndGlobalSection
EndGlobal
